
Microsoft Visual Studio Solution File, Format Version 12.00
# Visual Studio 15
Project("{FAE04EC0-301F-11D3-BF4B-00C04F79EFBC}") = "TapTapJungle", "TapTapJungle.csproj", "{458E2271-4691-CF60-A74B-2EBF58E1E2E2}"
EndProject
Project("{FAE04EC0-301F-11D3-BF4B-00C04F79EFBC}") = "TapTapJungle.Plugins", "TapTapJungle.Plugins.csproj", "{5066BD34-2D04-30FC-B201-226D18AF7739}"
EndProject
Project("{FAE04EC0-301F-11D3-BF4B-00C04F79EFBC}") = "TapTapJungle.Editor.Plugins", "TapTapJungle.Editor.Plugins.csproj", "{13274EF3-5FD6-BBE0-EB80-5021007DBC2F}"
EndProject
Global
	GlobalSection(SolutionConfigurationPlatforms) = preSolution
		Debug|Any CPU = Debug|Any CPU
		Release|Any CPU = Release|Any CPU
	EndGlobalSection
	GlobalSection(ProjectConfigurationPlatforms) = postSolution
		{458E2271-4691-CF60-A74B-2EBF58E1E2E2}.Debug|Any CPU.ActiveCfg = Debug|Any CPU
		{458E2271-4691-CF60-A74B-2EBF58E1E2E2}.Debug|Any CPU.Build.0 = Debug|Any CPU
		{458E2271-4691-CF60-A74B-2EBF58E1E2E2}.Release|Any CPU.ActiveCfg = Release|Any CPU
		{458E2271-4691-CF60-A74B-2EBF58E1E2E2}.Release|Any CPU.Build.0 = Release|Any CPU
		{5066BD34-2D04-30FC-B201-226D18AF7739}.Debug|Any CPU.ActiveCfg = Debug|Any CPU
		{5066BD34-2D04-30FC-B201-226D18AF7739}.Debug|Any CPU.Build.0 = Debug|Any CPU
		{5066BD34-2D04-30FC-B201-226D18AF7739}.Release|Any CPU.ActiveCfg = Release|Any CPU
		{5066BD34-2D04-30FC-B201-226D18AF7739}.Release|Any CPU.Build.0 = Release|Any CPU
		{13274EF3-5FD6-BBE0-EB80-5021007DBC2F}.Debug|Any CPU.ActiveCfg = Debug|Any CPU
		{13274EF3-5FD6-BBE0-EB80-5021007DBC2F}.Debug|Any CPU.Build.0 = Debug|Any CPU
		{13274EF3-5FD6-BBE0-EB80-5021007DBC2F}.Release|Any CPU.ActiveCfg = Release|Any CPU
		{13274EF3-5FD6-BBE0-EB80-5021007DBC2F}.Release|Any CPU.Build.0 = Release|Any CPU
	EndGlobalSection
	GlobalSection(SolutionProperties) = preSolution
		HideSolutionNode = FALSE
	EndGlobalSection
EndGlobal
